
Microsoft Visual Studio Solution File, Format Version 12.00
# Visual Studio Version 17
VisualStudioVersion = 17.7.34031.279
MinimumVisualStudioVersion = 10.0.40219.1
Project("{FAE04EC0-301F-11D3-BF4B-00C04F79EFBC}") = "TiendecitaGines", "TiendecitaGines.csproj", "{9B12F124-1CFB-4F34-A930-0148573C6C21}"
EndProject
Global
	GlobalSection(SolutionConfigurationPlatforms) = preSolution
		Debug|Any CPU = Debug|Any CPU
		Release|Any CPU = Release|Any CPU
	EndGlobalSection
	GlobalSection(ProjectConfigurationPlatforms) = postSolution
		{9B12F124-1CFB-4F34-A930-0148573C6C21}.Debug|Any CPU.ActiveCfg = Debug|Any CPU
		{9B12F124-1CFB-4F34-A930-0148573C6C21}.Debug|Any CPU.Build.0 = Debug|Any CPU
		{9B12F124-1CFB-4F34-A930-0148573C6C21}.Release|Any CPU.ActiveCfg = Release|Any CPU
		{9B12F124-1CFB-4F34-A930-0148573C6C21}.Release|Any CPU.Build.0 = Release|Any CPU
	EndGlobalSection
	GlobalSection(SolutionProperties) = preSolution
		HideSolutionNode = FALSE
	EndGlobalSection
	GlobalSection(ExtensibilityGlobals) = postSolution
		SolutionGuid = {52225141-AD7C-4C58-9331-7EAFF5D038B8}
	EndGlobalSection
EndGlobal
